
Microsoft Visual Studio Solution File, Format Version 12.00
# Visual Studio Version 17
VisualStudioVersion = 17.9.34723.18
MinimumVisualStudioVersion = 10.0.40219.1
Project("{FAE04EC0-301F-11D3-BF4B-00C04F79EFBC}") = "pruebapostman", "pruebapostman\pruebapostman.csproj", "{52B19E2B-FA0A-4E2E-9971-EAFC9C5BEFE9}"
EndProject
Global
	GlobalSection(SolutionConfigurationPlatforms) = preSolution
		Debug|Any CPU = Debug|Any CPU
		Release|Any CPU = Release|Any CPU
	EndGlobalSection
	GlobalSection(ProjectConfigurationPlatforms) = postSolution
		{52B19E2B-FA0A-4E2E-9971-EAFC9C5BEFE9}.Debug|Any CPU.ActiveCfg = Debug|Any CPU
		{52B19E2B-FA0A-4E2E-9971-EAFC9C5BEFE9}.Debug|Any CPU.Build.0 = Debug|Any CPU
		{52B19E2B-FA0A-4E2E-9971-EAFC9C5BEFE9}.Release|Any CPU.ActiveCfg = Release|Any CPU
		{52B19E2B-FA0A-4E2E-9971-EAFC9C5BEFE9}.Release|Any CPU.Build.0 = Release|Any CPU
	EndGlobalSection
	GlobalSection(SolutionProperties) = preSolution
		HideSolutionNode = FALSE
	EndGlobalSection
	GlobalSection(ExtensibilityGlobals) = postSolution
		SolutionGuid = {55A125FA-6ABD-4629-B5CC-20C4A39DA84D}
	EndGlobalSection
EndGlobal
